
Microsoft Visual Studio Solution File, Format Version 12.00
# Visual Studio Version 16
VisualStudioVersion = 16.0.30204.135
MinimumVisualStudioVersion = 10.0.40219.1
Project("{8BC9CEB8-8B4A-11D0-8D11-00A0C91BC942}") = "WorkingWithDXF", "WorkingWithDXF\WorkingWithDXF.vcxproj", "{7B9A5FF0-ED0A-48D7-91B5-53648B0A9D9B}"
EndProject
Global
	GlobalSection(SolutionConfigurationPlatforms) = preSolution
		Debug|x64 = Debug|x64
		Debug|x86 = Debug|x86
		Release|x64 = Release|x64
		Release|x86 = Release|x86
	EndGlobalSection
	GlobalSection(ProjectConfigurationPlatforms) = postSolution
		{7B9A5FF0-ED0A-48D7-91B5-53648B0A9D9B}.Debug|x64.ActiveCfg = Debug|x64
		{7B9A5FF0-ED0A-48D7-91B5-53648B0A9D9B}.Debug|x64.Build.0 = Debug|x64
		{7B9A5FF0-ED0A-48D7-91B5-53648B0A9D9B}.Debug|x86.ActiveCfg = Debug|Win32
		{7B9A5FF0-ED0A-48D7-91B5-53648B0A9D9B}.Debug|x86.Build.0 = Debug|Win32
		{7B9A5FF0-ED0A-48D7-91B5-53648B0A9D9B}.Release|x64.ActiveCfg = Release|x64
		{7B9A5FF0-ED0A-48D7-91B5-53648B0A9D9B}.Release|x64.Build.0 = Release|x64
		{7B9A5FF0-ED0A-48D7-91B5-53648B0A9D9B}.Release|x86.ActiveCfg = Release|Win32
		{7B9A5FF0-ED0A-48D7-91B5-53648B0A9D9B}.Release|x86.Build.0 = Release|Win32
	EndGlobalSection
	GlobalSection(SolutionProperties) = preSolution
		HideSolutionNode = FALSE
	EndGlobalSection
	GlobalSection(ExtensibilityGlobals) = postSolution
		SolutionGuid = {06048A4F-9A23-4914-B4F5-3E2A39E5BD3F}
	EndGlobalSection
EndGlobal
